
Microsoft Visual Studio Solution File, Format Version 12.00
# Visual Studio 15
VisualStudioVersion = 15.0.26730.10
MinimumVisualStudioVersion = 10.0.40219.1
Project("{FAE04EC0-301F-11D3-BF4B-00C04F79EFBC}") = "AppMyRPG", "AppMyRPG\AppMyRPG.csproj", "{90CDCB6A-79D2-49BD-9A72-32067D816406}"
EndProject
Global
	GlobalSection(SolutionConfigurationPlatforms) = preSolution
		Debug|Any CPU = Debug|Any CPU
		Release|Any CPU = Release|Any CPU
	EndGlobalSection
	GlobalSection(ProjectConfigurationPlatforms) = postSolution
		{90CDCB6A-79D2-49BD-9A72-32067D816406}.Debug|Any CPU.ActiveCfg = Debug|Any CPU
		{90CDCB6A-79D2-49BD-9A72-32067D816406}.Debug|Any CPU.Build.0 = Debug|Any CPU
		{90CDCB6A-79D2-49BD-9A72-32067D816406}.Release|Any CPU.ActiveCfg = Release|Any CPU
		{90CDCB6A-79D2-49BD-9A72-32067D816406}.Release|Any CPU.Build.0 = Release|Any CPU
	EndGlobalSection
	GlobalSection(SolutionProperties) = preSolution
		HideSolutionNode = FALSE
	EndGlobalSection
	GlobalSection(ExtensibilityGlobals) = postSolution
		SolutionGuid = {008A2900-55D6-4598-BADA-2AA7FAFB44A1}
	EndGlobalSection
EndGlobal
